
Microsoft Visual Studio Solution File, Format Version 12.00
Project("{2150E333-8FDC-42A3-9474-1A3956D46DE8}") = "Core", "Core", "{ADC41819-AA7E-4972-B361-8EC9AAB74B97}"
EndProject
Project("{FAE04EC0-301F-11D3-BF4B-00C04F79EFBC}") = "Tempestas.Application", "Tempestas.Application\Tempestas.Application.csproj", "{94677529-3A4B-4E5A-AE2B-7B0FC2681B04}"
EndProject
Project("{2150E333-8FDC-42A3-9474-1A3956D46DE8}") = "Infrastructure", "Infrastructure", "{E7E91394-396F-49DE-AA94-1DBF17241EF9}"
EndProject
Project("{FAE04EC0-301F-11D3-BF4B-00C04F79EFBC}") = "Tempestas.WebApi", "Tempestas.WebApi\Tempestas.WebApi.csproj", "{C4F0C7A8-E2C8-4F4B-BC97-C37E52CBD64C}"
EndProject
Project("{2150E333-8FDC-42A3-9474-1A3956D46DE8}") = "Presentation", "Presentation", "{88E7F478-9AEF-4765-BEC4-FFAB2A96474A}"
EndProject
Project("{FAE04EC0-301F-11D3-BF4B-00C04F79EFBC}") = "Tempestas.Infrastructure", "Tempestas.Infrastructure\Tempestas.Infrastructure.csproj", "{225D26DD-8E32-4016-819A-D4CBB2EFF276}"
EndProject
Project("{FAE04EC0-301F-11D3-BF4B-00C04F79EFBC}") = "Tempestas.Persistence", "Tempestas.Persistence\Tempestas.Persistence.csproj", "{C5A7D479-0755-497C-9B5A-3E0E23A58BD5}"
EndProject
Project("{FAE04EC0-301F-11D3-BF4B-00C04F79EFBC}") = "Tempestas.Domain", "Tempestas.Domain\Tempestas.Domain.csproj", "{0DA027A6-EA10-41D3-B1AD-FB364CCEC034}"
EndProject
Project("{2150E333-8FDC-42A3-9474-1A3956D46DE8}") = "Common", "Common", "{4E310A02-F4BA-44C6-B224-ECEC0E1360AC}"
EndProject
Project("{FAE04EC0-301F-11D3-BF4B-00C04F79EFBC}") = "Tempestas.Common", "Tempestas.Common\Tempestas.Common.csproj", "{367C7EC8-C3C3-4031-B788-8A8F9ECBB35A}"
EndProject
Global
	GlobalSection(SolutionConfigurationPlatforms) = preSolution
		Debug|Any CPU = Debug|Any CPU
		Release|Any CPU = Release|Any CPU
	EndGlobalSection
	GlobalSection(ProjectConfigurationPlatforms) = postSolution
		{94677529-3A4B-4E5A-AE2B-7B0FC2681B04}.Debug|Any CPU.ActiveCfg = Debug|Any CPU
		{94677529-3A4B-4E5A-AE2B-7B0FC2681B04}.Debug|Any CPU.Build.0 = Debug|Any CPU
		{94677529-3A4B-4E5A-AE2B-7B0FC2681B04}.Release|Any CPU.ActiveCfg = Release|Any CPU
		{94677529-3A4B-4E5A-AE2B-7B0FC2681B04}.Release|Any CPU.Build.0 = Release|Any CPU
		{C4F0C7A8-E2C8-4F4B-BC97-C37E52CBD64C}.Debug|Any CPU.ActiveCfg = Debug|Any CPU
		{C4F0C7A8-E2C8-4F4B-BC97-C37E52CBD64C}.Debug|Any CPU.Build.0 = Debug|Any CPU
		{C4F0C7A8-E2C8-4F4B-BC97-C37E52CBD64C}.Release|Any CPU.ActiveCfg = Release|Any CPU
		{C4F0C7A8-E2C8-4F4B-BC97-C37E52CBD64C}.Release|Any CPU.Build.0 = Release|Any CPU
		{225D26DD-8E32-4016-819A-D4CBB2EFF276}.Debug|Any CPU.ActiveCfg = Debug|Any CPU
		{225D26DD-8E32-4016-819A-D4CBB2EFF276}.Debug|Any CPU.Build.0 = Debug|Any CPU
		{225D26DD-8E32-4016-819A-D4CBB2EFF276}.Release|Any CPU.ActiveCfg = Release|Any CPU
		{225D26DD-8E32-4016-819A-D4CBB2EFF276}.Release|Any CPU.Build.0 = Release|Any CPU
		{C5A7D479-0755-497C-9B5A-3E0E23A58BD5}.Debug|Any CPU.ActiveCfg = Debug|Any CPU
		{C5A7D479-0755-497C-9B5A-3E0E23A58BD5}.Debug|Any CPU.Build.0 = Debug|Any CPU
		{C5A7D479-0755-497C-9B5A-3E0E23A58BD5}.Release|Any CPU.ActiveCfg = Release|Any CPU
		{C5A7D479-0755-497C-9B5A-3E0E23A58BD5}.Release|Any CPU.Build.0 = Release|Any CPU
		{0DA027A6-EA10-41D3-B1AD-FB364CCEC034}.Debug|Any CPU.ActiveCfg = Debug|Any CPU
		{0DA027A6-EA10-41D3-B1AD-FB364CCEC034}.Debug|Any CPU.Build.0 = Debug|Any CPU
		{0DA027A6-EA10-41D3-B1AD-FB364CCEC034}.Release|Any CPU.ActiveCfg = Release|Any CPU
		{0DA027A6-EA10-41D3-B1AD-FB364CCEC034}.Release|Any CPU.Build.0 = Release|Any CPU
		{367C7EC8-C3C3-4031-B788-8A8F9ECBB35A}.Debug|Any CPU.ActiveCfg = Debug|Any CPU
		{367C7EC8-C3C3-4031-B788-8A8F9ECBB35A}.Debug|Any CPU.Build.0 = Debug|Any CPU
		{367C7EC8-C3C3-4031-B788-8A8F9ECBB35A}.Release|Any CPU.ActiveCfg = Release|Any CPU
		{367C7EC8-C3C3-4031-B788-8A8F9ECBB35A}.Release|Any CPU.Build.0 = Release|Any CPU
	EndGlobalSection
	GlobalSection(NestedProjects) = preSolution
		{94677529-3A4B-4E5A-AE2B-7B0FC2681B04} = {ADC41819-AA7E-4972-B361-8EC9AAB74B97}
		{C4F0C7A8-E2C8-4F4B-BC97-C37E52CBD64C} = {88E7F478-9AEF-4765-BEC4-FFAB2A96474A}
		{225D26DD-8E32-4016-819A-D4CBB2EFF276} = {E7E91394-396F-49DE-AA94-1DBF17241EF9}
		{C5A7D479-0755-497C-9B5A-3E0E23A58BD5} = {E7E91394-396F-49DE-AA94-1DBF17241EF9}
		{0DA027A6-EA10-41D3-B1AD-FB364CCEC034} = {ADC41819-AA7E-4972-B361-8EC9AAB74B97}
		{367C7EC8-C3C3-4031-B788-8A8F9ECBB35A} = {4E310A02-F4BA-44C6-B224-ECEC0E1360AC}
	EndGlobalSection
EndGlobal
